github.com/chzyer/logex v1.1.10/go.mod h1:+Ywpsq7O8HXn0nuIou7OrIPyXbp3wmkHB+jjWRnGsAI=
github.com/chzyer/readline v0.0.0-20180603132655-2972be24d48e/go.mod h1:nSuG5e5PlCu98SY8svDHJxuZscDgtXS6KTTbou5AhLI=
github.com/chzyer/test v0.0.0-20180213035817-a1ea475d72b1/go.mod h1:Q3SI9o4m/ZMnBNeIyt5eFwwo7qiLfzFZmjNmxjkiQlU=
github.com/felixge/pprofutils v1.0.4 h1:W53UTBykRbjfHhZAreesFKFcgB2MlloJ3gEmR5BNemk=
github.com/felixge/pprofutils v1.0.4/go.mod h1:XPE5wiTY/xF9T2Cw62FIhSUTosh5Wy+lcv2qweHo0D8=
github.com/felixge/pprofutils/v2 v2.0.4 h1:hx527xZ7YkwGbcFvwoC4GlcoZmEZRXvwKsYGYv7n/pE=
github.com/felixge/pprofutils/v2 v2.0.4/go.mod h1:8XrRudhpxwgfiohtRqBO+IVvu/Ef2bclzwve8RkkHo8=
github.com/google/pprof v0.0.0-20210423192551-a2663126120b h1:l2YRhr+YLzmSp7KJMswRVk/lO5SwoFIcCLzJsVj+YPc=
github.com/google/pprof v0.0.0-20210423192551-a2663126120b/go.mod h1:kpwsk12EmLew5upagYY7GY0pfYCcupk39gWOCRROcvE=
github.com/google/pprof v0.0.0-20240320155624-b11c3daa6f07 h1:57oOH2Mu5Nw16KnZAVLdlUjmPH/TSYCKTJgG0OVfX0Y=
github.com/google/pprof v0.0.0-20240320155624-b11c3daa6f07/go.mod h1:kf6iHlnVGwgKolg33glAes7Yg/8iWP8ukqeldJSO7jw=
github.com/google/uuid v1.6.0 h1:NIvaJDMOsjHA8n1jAhLSgzrAzy1Hgr+hNrb57e+94F0=
github.com/google/uuid v1.6.0/go.mod h1:TIyPZe4MgqvfeYDBFedMoGGpEw/LqOeaOT+nhxU+yHo=
github.com/ianlancetaylor/demangle v0.0.0-20200824232613-28f6c0f3b639/go.mod h1:aSSvb/t6k1mPoxDqO4vJh6VOCGPwU4O0C2/Eqndh1Sc=
github.com/mark3labs/mcp-go v0.20.1 h1:E1Bbx9K8d8kQmDZ1QHblM38c7UU2evQ2LlkANk1U/zw=
github.com/mark3labs/mcp-go v0.20.1/go.mod h1:KmJndYv7GIgcPVwEKJjNcbhVQ+hJGJhrCCB/9xITzpE=
github.com/matryer/is v1.4.0/go.mod h1:8I/i5uYgLzgsgEloJE1U6xx5HkBQpAZvepWuujKwMRU=
github.com/mattn/go-runewidth v0.0.9/go.mod h1:H031xJmbD/WCDINGzjvQ9THkh0rPKHF+m2gUSrubnMI=
github.com/olekukonko/tablewriter v0.0.5/go.mod h1:hPp6KlRPjbx+hW8ykQs1w3UBbZlj6HuIJcUGPhkA7kY=
github.com/wolfeidau/humanhash v1.1.0 h1:06KgtyyABJGBbrfMONrW7S+b5TTYVyrNB/jss5n7F3E=
github.com/wolfeidau/humanhash v1.1.0/go.mod h1:jkpynR1bfyfkmKEQudIC0osWKynFAoayRjzH9OJdVIg=
github.com/yosida95/uritemplate/v3 v3.0.2 h1:Ed3Oyj9yrmi9087+NczuL5BwkIc4wvTb5zIM+UJPGz4=
github.com/yosida95/uritemplate/v3 v3.0.2/go.mod h1:ILOh0sOhIJR3+L/8afwt/kE++YT040gmv5BQTMR2HP4=
golang.org/x/sys v0.0.0-20191204072324-ce4227a45e2e/go.mod h1:h1NjWce9XRLGQEsW7wpKNCjG9DtNlClVuFLEZdDNbEs=
